
Microsoft Visual Studio Solution File, Format Version 12.00
# Visual Studio 14
VisualStudioVersion = 14.0.25420.1
MinimumVisualStudioVersion = 10.0.40219.1
Project("{2150E333-8FDC-42A3-9474-1A3956D46DE8}") = "ProjectTemplates", "ProjectTemplates", "{1D0D1514-A43D-43AE-934C-8F3F96A53988}"
EndProject
Project("{2150E333-8FDC-42A3-9474-1A3956D46DE8}") = "ItemTemplates", "ItemTemplates", "{32AC56F8-CFED-4A06-9C68-60DD2087810E}"
EndProject
Project("{2150E333-8FDC-42A3-9474-1A3956D46DE8}") = "Onion Architecture", "Onion Architecture", "{FDABBED4-C7FC-4A98-93BB-AB58754BCDC7}"
EndProject
Project("{2150E333-8FDC-42A3-9474-1A3956D46DE8}") = "Client", "Client", "{CB7BFC0A-7B91-4DEB-A202-C4C19B37CB99}"
EndProject
Project("{2150E333-8FDC-42A3-9474-1A3956D46DE8}") = "Infrastructure", "Infrastructure", "{9924E4E7-AB6C-4B35-AECC-F3AFE8067D5F}"
EndProject
Project("{2150E333-8FDC-42A3-9474-1A3956D46DE8}") = "Core", "Core", "{62F4E772-1C15-47AE-A76D-BFBE74B6E677}"
EndProject
Project("{2150E333-8FDC-42A3-9474-1A3956D46DE8}") = "VSIX", "VSIX", "{3A8BED4A-0F4F-4FCA-B499-272676FB724E}"
EndProject
Project("{FAE04EC0-301F-11D3-BF4B-00C04F79EFBC}") = "OA.Core", "Template\OA.Core\OA.Core.csproj", "{2EFEB02C-2672-4662-8232-36085D92F6F1}"
EndProject
Project("{FAE04EC0-301F-11D3-BF4B-00C04F79EFBC}") = "OA.ServiceLibrary", "Template\OA.ServiceLibrary\OA.ServiceLibrary.csproj", "{90E1D689-4EFD-4145-BE02-A9BA00502C8C}"
EndProject
Project("{FAE04EC0-301F-11D3-BF4B-00C04F79EFBC}") = "OA.DataAccess", "Template\OA.DataAccess\OA.DataAccess.csproj", "{FDD0B89B-3904-4576-A2EA-43771DBF2EF4}"
EndProject
Project("{2150E333-8FDC-42A3-9474-1A3956D46DE8}") = "Wizard", "Wizard", "{E0445A4A-8FC4-409B-8097-6607D381E392}"
EndProject
Project("{FAE04EC0-301F-11D3-BF4B-00C04F79EFBC}") = "OA.Wizard", "Template\OA.Wizard\OA.Wizard.csproj", "{BD434565-22EE-4549-B36B-0AC958F2DF42}"
EndProject
Project("{FAE04EC0-301F-11D3-BF4B-00C04F79EFBC}") = "OA.VSIX", "Template\OA.VSIX\OA.VSIX.csproj", "{996B3E17-5103-46BA-ADB6-1948484C816D}"
EndProject
Project("{FAE04EC0-301F-11D3-BF4B-00C04F79EFBC}") = "OA.MVC", "Template\OA.MVC\OA.MVC.csproj", "{E7C30CCE-F7C9-4527-BDCB-9857DF5477AE}"
EndProject
Global
	GlobalSection(SolutionConfigurationPlatforms) = preSolution
		Debug|Any CPU = Debug|Any CPU
		Release|Any CPU = Release|Any CPU
	EndGlobalSection
	GlobalSection(ProjectConfigurationPlatforms) = postSolution
		{2EFEB02C-2672-4662-8232-36085D92F6F1}.Debug|Any CPU.ActiveCfg = Debug|Any CPU
		{2EFEB02C-2672-4662-8232-36085D92F6F1}.Debug|Any CPU.Build.0 = Debug|Any CPU
		{2EFEB02C-2672-4662-8232-36085D92F6F1}.Release|Any CPU.ActiveCfg = Release|Any CPU
		{2EFEB02C-2672-4662-8232-36085D92F6F1}.Release|Any CPU.Build.0 = Release|Any CPU
		{90E1D689-4EFD-4145-BE02-A9BA00502C8C}.Debug|Any CPU.ActiveCfg = Debug|Any CPU
		{90E1D689-4EFD-4145-BE02-A9BA00502C8C}.Debug|Any CPU.Build.0 = Debug|Any CPU
		{90E1D689-4EFD-4145-BE02-A9BA00502C8C}.Release|Any CPU.ActiveCfg = Release|Any CPU
		{90E1D689-4EFD-4145-BE02-A9BA00502C8C}.Release|Any CPU.Build.0 = Release|Any CPU
		{FDD0B89B-3904-4576-A2EA-43771DBF2EF4}.Debug|Any CPU.ActiveCfg = Debug|Any CPU
		{FDD0B89B-3904-4576-A2EA-43771DBF2EF4}.Debug|Any CPU.Build.0 = Debug|Any CPU
		{FDD0B89B-3904-4576-A2EA-43771DBF2EF4}.Release|Any CPU.ActiveCfg = Release|Any CPU
		{FDD0B89B-3904-4576-A2EA-43771DBF2EF4}.Release|Any CPU.Build.0 = Release|Any CPU
		{BD434565-22EE-4549-B36B-0AC958F2DF42}.Debug|Any CPU.ActiveCfg = Debug|Any CPU
		{BD434565-22EE-4549-B36B-0AC958F2DF42}.Debug|Any CPU.Build.0 = Debug|Any CPU
		{BD434565-22EE-4549-B36B-0AC958F2DF42}.Release|Any CPU.ActiveCfg = Release|Any CPU
		{BD434565-22EE-4549-B36B-0AC958F2DF42}.Release|Any CPU.Build.0 = Release|Any CPU
		{996B3E17-5103-46BA-ADB6-1948484C816D}.Debug|Any CPU.ActiveCfg = Debug|Any CPU
		{996B3E17-5103-46BA-ADB6-1948484C816D}.Debug|Any CPU.Build.0 = Debug|Any CPU
		{996B3E17-5103-46BA-ADB6-1948484C816D}.Release|Any CPU.ActiveCfg = Release|Any CPU
		{996B3E17-5103-46BA-ADB6-1948484C816D}.Release|Any CPU.Build.0 = Release|Any CPU
		{E7C30CCE-F7C9-4527-BDCB-9857DF5477AE}.Debug|Any CPU.ActiveCfg = Debug|Any CPU
		{E7C30CCE-F7C9-4527-BDCB-9857DF5477AE}.Debug|Any CPU.Build.0 = Debug|Any CPU
		{E7C30CCE-F7C9-4527-BDCB-9857DF5477AE}.Release|Any CPU.ActiveCfg = Release|Any CPU
		{E7C30CCE-F7C9-4527-BDCB-9857DF5477AE}.Release|Any CPU.Build.0 = Release|Any CPU
	EndGlobalSection
	GlobalSection(SolutionProperties) = preSolution
		HideSolutionNode = FALSE
	EndGlobalSection
	GlobalSection(NestedProjects) = preSolution
		{FDABBED4-C7FC-4A98-93BB-AB58754BCDC7} = {1D0D1514-A43D-43AE-934C-8F3F96A53988}
		{CB7BFC0A-7B91-4DEB-A202-C4C19B37CB99} = {FDABBED4-C7FC-4A98-93BB-AB58754BCDC7}
		{9924E4E7-AB6C-4B35-AECC-F3AFE8067D5F} = {FDABBED4-C7FC-4A98-93BB-AB58754BCDC7}
		{62F4E772-1C15-47AE-A76D-BFBE74B6E677} = {FDABBED4-C7FC-4A98-93BB-AB58754BCDC7}
		{2EFEB02C-2672-4662-8232-36085D92F6F1} = {62F4E772-1C15-47AE-A76D-BFBE74B6E677}
		{90E1D689-4EFD-4145-BE02-A9BA00502C8C} = {9924E4E7-AB6C-4B35-AECC-F3AFE8067D5F}
		{FDD0B89B-3904-4576-A2EA-43771DBF2EF4} = {9924E4E7-AB6C-4B35-AECC-F3AFE8067D5F}
		{BD434565-22EE-4549-B36B-0AC958F2DF42} = {E0445A4A-8FC4-409B-8097-6607D381E392}
		{996B3E17-5103-46BA-ADB6-1948484C816D} = {3A8BED4A-0F4F-4FCA-B499-272676FB724E}
		{E7C30CCE-F7C9-4527-BDCB-9857DF5477AE} = {CB7BFC0A-7B91-4DEB-A202-C4C19B37CB99}
	EndGlobalSection
EndGlobal
